
Microsoft Visual Studio Solution File, Format Version 12.00
# Visual Studio Version 16
VisualStudioVersion = 16.0.30320.27
MinimumVisualStudioVersion = 10.0.40219.1
Project("{9A19103F-16F7-4668-BE54-9A1E7A4F7556}") = "Nearloc.Opc.Kepserver.KepserverWriteClient", "..\src\Nearloc.Opc.Kepserver.KepserverWriteClient\Nearloc.Opc.Kepserver.KepserverWriteClient.csproj", "{00B54BEA-60A8-42BD-85A0-D124DBDD10C2}"
EndProject
Global
	GlobalSection(SolutionConfigurationPlatforms) = preSolution
		Debug|Any CPU = Debug|Any CPU
		Release|Any CPU = Release|Any CPU
	EndGlobalSection
	GlobalSection(ProjectConfigurationPlatforms) = postSolution
		{00B54BEA-60A8-42BD-85A0-D124DBDD10C2}.Debug|Any CPU.ActiveCfg = Debug|Any CPU
		{00B54BEA-60A8-42BD-85A0-D124DBDD10C2}.Debug|Any CPU.Build.0 = Debug|Any CPU
		{00B54BEA-60A8-42BD-85A0-D124DBDD10C2}.Release|Any CPU.ActiveCfg = Release|Any CPU
		{00B54BEA-60A8-42BD-85A0-D124DBDD10C2}.Release|Any CPU.Build.0 = Release|Any CPU
	EndGlobalSection
	GlobalSection(SolutionProperties) = preSolution
		HideSolutionNode = FALSE
	EndGlobalSection
	GlobalSection(ExtensibilityGlobals) = postSolution
		SolutionGuid = {0C226614-872E-46BE-8E75-AF910B7C0463}
	EndGlobalSection
EndGlobal
